// !$*UTF8*$!
{
	archiveVersion = 1;
	classes = {
	};
	objectVersion = 50;
	objects = {

/* Begin PBXBuildFile section */
		8A8559C0215B95A200F41161 /* AppDelegate.swift in Sources */ = {isa = PBXBuildFile; fileRef = 8A8559BF215B95A200F41161 /* AppDelegate.swift */; };
		8A8559C2215B95A200F41161 /* ViewController.swift in Sources */ = {isa = PBXBuildFile; fileRef = 8A8559C1215B95A200F41161 /* ViewController.swift */; };
		8A8559C5215B95A200F41161 /* Main.storyboard in Resources */ = {isa = PBXBuildFile; fileRef = 8A8559C3215B95A200F41161 /* Main.storyboard */; };
		8A8559C8215B95A200F41161 /* Core_EX.xcdatamodeld in Sources */ = {isa = PBXBuildFile; fileRef = 8A8559C6215B95A200F41161 /* Core_EX.xcdatamodeld */; };
		8A8559CA215B95A300F41161 /* Assets.xcassets in Resources */ = {isa = PBXBuildFile; fileRef = 8A8559C9215B95A300F41161 /* Assets.xcassets */; };
		8A8559CD215B95A300F41161 /* LaunchScreen.storyboard in Resources */ = {isa = PBXBuildFile; fileRef = 8A8559CB215B95A300F41161 /* LaunchScreen.storyboard */; };
		8A8559D5215B996100F41161 /* PresistanceServices.swift in Sources */ = {isa = PBXBuildFile; fileRef = 8A8559D4215B996100F41161 /* PresistanceServices.swift */; };
		8A8559E0215BBF0B00F41161 /* Person+CoreDataClass.swift in Sources */ = {isa = PBXBuildFile; fileRef = 8A8559DE215BBF0B00F41161 /* Person+CoreDataClass.swift */; };
		8A8559E1215BBF0B00F41161 /* Person+CoreDataProperties.swift in Sources */ = {isa = PBXBuildFile; fileRef = 8A8559DF215BBF0B00F41161 /* Person+CoreDataProperties.swift */; };
/* End PBXBuildFile section */

/* Begin PBXFileReference section */
		8A8559BC215B95A200F41161 /* Core-EX.app */ = {isa = PBXFileReference; explicitFileType = wrapper.application; includeInIndex = 0; path = "Core-EX.app"; sourceTree = BUILT_PRODUCTS_DIR; };
		8A8559BF215B95A200F41161 /* AppDelegate.swift */ = {isa = PBXFileReference; lastKnownFileType = sourcecode.swift; path = AppDelegate.swift; sourceTree = "<group>"; };
		8A8559C1215B95A200F41161 /* ViewController.swift */ = {isa = PBXFileReference; lastKnownFileType = sourcecode.swift; path = ViewController.swift; sourceTree = "<group>"; };
		8A8559C4215B95A200F41161 /* Base */ = {isa = PBXFileReference; lastKnownFileType = file.storyboard; name = Base; path = Base.lproj/Main.storyboard; sourceTree = "<group>"; };
		8A8559C7215B95A200F41161 /* Core_EX.xcdatamodel */ = {isa = PBXFileReference; lastKnownFileType = wrapper.xcdatamodel; path = Core_EX.xcdatamodel; sourceTree = "<group>"; };
		8A8559C9215B95A300F41161 /* Assets.xcassets */ = {isa = PBXFileReference; lastKnownFileType = folder.assetcatalog; path = Assets.xcassets; sourceTree = "<group>"; };
		8A8559CC215B95A300F41161 /* Base */ = {isa = PBXFileReference; lastKnownFileType = file.storyboard; name = Base; path = Base.lproj/LaunchScreen.storyboard; sourceTree = "<group>"; };
		8A8559CE215B95A300F41161 /* Info.plist */ = {isa = PBXFileReference; lastKnownFileType = text.plist.xml; path = Info.plist; sourceTree = "<group>"; };
		8A8559D4215B996100F41161 /* PresistanceServices.swift */ = {isa = PBXFileReference; lastKnownFileType = sourcecode.swift; path = PresistanceServices.swift; sourceTree = "<group>"; };
		8A8559DE215BBF0B00F41161 /* Person+CoreDataClass.swift */ = {isa = PBXFileReference; lastKnownFileType = sourcecode.swift; name = "Person+CoreDataClass.swift"; path = "Core-EX/Person+CoreDataClass.swift"; sourceTree = "<group>"; };
		8A8559DF215BBF0B00F41161 /* Person+CoreDataProperties.swift */ = {isa = PBXFileReference; lastKnownFileType = sourcecode.swift; name = "Person+CoreDataProperties.swift"; path = "Core-EX/Person+CoreDataProperties.swift"; sourceTree = "<group>"; };
/* End PBXFileReference section */

/* Begin PBXFrameworksBuildPhase section */
		8A8559B9215B95A200F41161 /* Frameworks */ = {
			isa = PBXFrameworksBuildPhase;
			buildActionMask = 2147483647;
			files = (
			);
			runOnlyForDeploymentPostprocessing = 0;
		};
/* End PBXFrameworksBuildPhase section */

/* Begin PBXGroup section */
		8A8559B3215B95A200F41161 = {
			isa = PBXGroup;
			children = (
				8A8559DE215BBF0B00F41161 /* Person+CoreDataClass.swift */,
				8A8559DF215BBF0B00F41161 /* Person+CoreDataProperties.swift */,
				8A8559BE215B95A200F41161 /* Core-EX */,
				8A8559BD215B95A200F41161 /* Products */,
			);
			sourceTree = "<group>";
		};
		8A8559BD215B95A200F41161 /* Products */ = {
			isa = PBXGroup;
			children = (
				8A8559BC215B95A200F41161 /* Core-EX.app */,
			);
			name = Products;
			sourceTree = "<group>";
		};
		8A8559BE215B95A200F41161 /* Core-EX */ = {
			isa = PBXGroup;
			children = (
				8A8559BF215B95A200F41161 /* AppDelegate.swift */,
				8A8559C1215B95A200F41161 /* ViewController.swift */,
				8A8559D4215B996100F41161 /* PresistanceServices.swift */,
				8A8559C3215B95A200F41161 /* Main.storyboard */,
				8A8559C9215B95A300F41161 /* Assets.xcassets */,
				8A8559CB215B95A300F41161 /* LaunchScreen.storyboard */,
				8A8559CE215B95A300F41161 /* Info.plist */,
				8A8559C6215B95A200F41161 /* Core_EX.xcdatamodeld */,
			);
			path = "Core-EX";
			sourceTree = "<group>";
		};
/* End PBXGroup section */

/* Begin PBXNativeTarget section */
		8A8559BB215B95A200F41161 /* Core-EX */ = {
			isa = PBXNativeTarget;
			buildConfigurationList = 8A8559D1215B95A300F41161 /* Build configuration list for PBXNativeTarget "Core-EX" */;
			buildPhases = (
				8A8559B8215B95A200F41161 /* Sources */,
				8A8559B9215B95A200F41161 /* Frameworks */,
				8A8559BA215B95A200F41161 /* Resources */,
			);
			buildRules = (
			);
			dependencies = (
			);
			name = "Core-EX";
			productName = "Core-EX";
			productReference = 8A8559BC215B95A200F41161 /* Core-EX.app */;
			productType = "com.apple.product-type.application";
		};
/* End PBXNativeTarget section */

/* Begin PBXProject section */
		8A8559B4215B95A200F41161 /* Project object */ = {
			isa = PBXProject;
			attributes = {
				LastSwiftUpdateCheck = 0930;
				LastUpgradeCheck = 0930;
				ORGANIZATIONNAME = Kariim8;
				TargetAttributes = {
					8A8559BB215B95A200F41161 = {
						CreatedOnToolsVersion = 9.3.1;
					};
				};
			};
			buildConfigurationList = 8A8559B7215B95A200F41161 /* Build configuration list for PBXProject "Core-EX" */;
			compatibilityVersion = "Xcode 9.3";
			developmentRegion = en;
			hasScannedForEncodings = 0;
			knownRegions = (
				en,
				Base,
			);
			mainGroup = 8A8559B3215B95A200F41161;
			productRefGroup = 8A8559BD215B95A200F41161 /* Products */;
			projectDirPath = "";
			projectRoot = "";
			targets = (
				8A8559BB215B95A200F41161 /* Core-EX */,
			);
		};
/* End PBXProject section */

/* Begin PBXResourcesBuildPhase section */
		8A8559BA215B95A200F41161 /* Resources */ = {
			isa = PBXResourcesBuildPhase;
			buildActionMask = 2147483647;
			files = (
				8A8559CD215B95A300F41161 /* LaunchScreen.storyboard in Resources */,
				8A8559CA215B95A300F41161 /* Assets.xcassets in Resources */,
				8A8559C5215B95A200F41161 /* Main.storyboard in Resources */,
			);
			runOnlyForDeploymentPostprocessing = 0;
		};
/* End PBXResourcesBuildPhase section */

/* Begin PBXSourcesBuildPhase section */
		8A8559B8215B95A200F41161 /* Sources */ = {
			isa = PBXSourcesBuildPhase;
			buildActionMask = 2147483647;
			files = (
				8A8559C8215B95A200F41161 /* Core_EX.xcdatamodeld in Sources */,
				8A8559D5215B996100F41161 /* PresistanceServices.swift in Sources */,
				8A8559E1215BBF0B00F41161 /* Person+CoreDataProperties.swift in Sources */,
				8A8559E0215BBF0B00F41161 /* Person+CoreDataClass.swift in Sources */,
				8A8559C2215B95A200F41161 /* ViewController.swift in Sources */,
				8A8559C0215B95A200F41161 /* AppDelegate.swift in Sources */,
			);
			runOnlyForDeploymentPostprocessing = 0;
		};
/* End PBXSourcesBuildPhase section */

/* Begin PBXVariantGroup section */
		8A8559C3215B95A200F41161 /* Main.storyboard */ = {
			isa = PBXVariantGroup;
			children = (
				8A8559C4215B95A200F41161 /* Base */,
			);
			name = Main.storyboard;
			sourceTree = "<group>";
		};
		8A8559CB215B95A300F41161 /* LaunchScreen.storyboard */ = {
			isa = PBXVariantGroup;
			children = (
				8A8559CC215B95A300F41161 /* Base */,
			);
			name = LaunchScreen.storyboard;
			sourceTree = "<group>";
		};
/* End PBXVariantGroup section */

/* Begin XCBuildConfiguration section */
		8A8559CF215B95A300F41161 /* Debug */ = {
			isa = XCBuildConfiguration;
			buildSettings = {
				ALWAYS_SEARCH_USER_PATHS = NO;
				CLANG_ANALYZER_NONNULL = YES;
				CLANG_ANALYZER_NUMBER_OBJECT_CONVERSION = YES_AGGRESSIVE;
				CLANG_CXX_LANGUAGE_STANDARD = "gnu++14";
				CLANG_CXX_LIBRARY = "libc++";
				CLANG_ENABLE_MODULES = YES;
				CLANG_ENABLE_OBJC_ARC = YES;
				CLANG_ENABLE_OBJC_WEAK = YES;
				CLANG_WARN_BLOCK_CAPTURE_AUTORELEASING = YES;
				CLANG_WARN_BOOL_CONVERSION = YES;
				CLANG_WARN_COMMA = YES;
				CLANG_WARN_CONSTANT_CONVERSION = YES;
				CLANG_WARN_DEPRECATED_OBJC_IMPLEMENTATIONS = YES;
				CLANG_WARN_DIRECT_OBJC_ISA_USAGE = YES_ERROR;
				CLANG_WARN_DOCUMENTATION_COMMENTS = YES;
				CLANG_WARN_EMPTY_BODY = YES;
				CLANG_WARN_ENUM_CONVERSION = YES;
				CLANG_WARN_INFINITE_RECURSION = YES;
				CLANG_WARN_INT_CONVERSION = YES;
				CLANG_WARN_NON_LITERAL_NULL_CONVERSION = YES;
				CLANG_WARN_OBJC_IMPLICIT_RETAIN_SELF = YES;
				CLANG_WARN_OBJC_LITERAL_CONVERSION = YES;
				CLANG_WARN_OBJC_ROOT_CLASS = YES_ERROR;
				CLANG_WARN_RANGE_LOOP_ANALYSIS = YES;
				CLANG_WARN_STRICT_PROTOTYPES = YES;
				CLANG_WARN_SUSPICIOUS_MOVE = YES;
				CLANG_WARN_UNGUARDED_AVAILABILITY = YES_AGGRESSIVE;
				CLANG_WARN_UNREACHABLE_CODE = YES;
				CLANG_WARN__DUPLICATE_METHOD_MATCH = YES;
				CODE_SIGN_IDENTITY = "iPhone Developer";
				COPY_PHASE_STRIP = NO;
				DEBUG_INFORMATION_FORMAT = dwarf;
				ENABLE_STRICT_OBJC_MSGSEND = YES;
				ENABLE_TESTABILITY = YES;
				GCC_C_LANGUAGE_STANDARD = gnu11;
				GCC_DYNAMIC_NO_PIC = NO;
				GCC_NO_COMMON_BLOCKS = YES;
				GCC_OPTIMIZATION_LEVEL = 0;
				GCC_PREPROCESSOR_DEFINITIONS = (
					"DEBUG=1",
					"$(inherited)",
				);
				GCC_WARN_64_TO_32_BIT_CONVERSION = YES;
				GCC_WARN_ABOUT_RETURN_TYPE = YES_ERROR;
				GCC_WARN_UNDECLARED_SELECTOR = YES;
				GCC_WARN_UNINITIALIZED_AUTOS = YES_AGGRESSIVE;
				GCC_WARN_UNUSED_FUNCTION = YES;
				GCC_WARN_UNUSED_VARIABLE = YES;
				IPHONEOS_DEPLOYMENT_TARGET = 11.3;
				MTL_ENABLE_DEBUG_INFO = YES;
				ONLY_ACTIVE_ARCH = YES;
				SDKROOT = iphoneos;
				SWIFT_ACTIVE_COMPILATION_CONDITIONS = DEBUG;
				SWIFT_OPTIMIZATION_LEVEL = "-Onone";
			};
			name = Debug;
		};
		8A8559D0215B95A300F41161 /* Release */ = {
			isa = XCBuildConfiguration;
			buildSettings = {
				ALWAYS_SEARCH_USER_PATHS = NO;
				CLANG_ANALYZER_NONNULL = YES;
				CLANG_ANALYZER_NUMBER_OBJECT_CONVERSION = YES_AGGRESSIVE;
				CLANG_CXX_LANGUAGE_STANDARD = "gnu++14";
				CLANG_CXX_LIBRARY = "libc++";
				CLANG_ENABLE_MODULES = YES;
				CLANG_ENABLE_OBJC_ARC = YES;
				CLANG_ENABLE_OBJC_WEAK = YES;
				CLANG_WARN_BLOCK_CAPTURE_AUTORELEASING = YES;
				CLANG_WARN_BOOL_CONVERSION = YES;
				CLANG_WARN_COMMA = YES;
				CLANG_WARN_CONSTANT_CONVERSION = YES;
				CLANG_WARN_DEPRECATED_OBJC_IMPLEMENTATIONS = YES;
				CLANG_WARN_DIRECT_OBJC_ISA_USAGE = YES_ERROR;
				CLANG_WARN_DOCUMENTATION_COMMENTS = YES;
				CLANG_WARN_EMPTY_BODY = YES;
				CLANG_WARN_ENUM_CONVERSION = YES;
				CLANG_WARN_INFINITE_RECURSION = YES;
				CLANG_WARN_INT_CONVERSION = YES;
				CLANG_WARN_NON_LITERAL_NULL_CONVERSION = YES;
				CLANG_WARN_OBJC_IMPLICIT_RETAIN_SELF = YES;
				CLANG_WARN_OBJC_LITERAL_CONVERSION = YES;
				CLANG_WARN_OBJC_ROOT_CLASS = YES_ERROR;
				CLANG_WARN_RANGE_LOOP_ANALYSIS = YES;
				CLANG_WARN_STRICT_PROTOTYPES = YES;
				CLANG_WARN_SUSPICIOUS_MOVE = YES;
				CLANG_WARN_UNGUARDED_AVAILABILITY = YES_AGGRESSIVE;
				CLANG_WARN_UNREACHABLE_CODE = YES;
				CLANG_WARN__DUPLICATE_METHOD_MATCH = YES;
				CODE_SIGN_IDENTITY = "iPhone Developer";
				COPY_PHASE_STRIP = NO;
				DEBUG_INFORMATION_FORMAT = "dwarf-with-dsym";
				ENABLE_NS_ASSERTIONS = NO;
				ENABLE_STRICT_OBJC_MSGSEND = YES;
				GCC_C_LANGUAGE_STANDARD = gnu11;
				GCC_NO_COMMON_BLOCKS = YES;
				GCC_WARN_64_TO_32_BIT_CONVERSION = YES;
				GCC_WARN_ABOUT_RETURN_TYPE = YES_ERROR;
				GCC_WARN_UNDECLARED_SELECTOR = YES;
				GCC_WARN_UNINITIALIZED_AUTOS = YES_AGGRESSIVE;
				GCC_WARN_UNUSED_FUNCTION = YES;
				GCC_WARN_UNUSED_VARIABLE = YES;
				IPHONEOS_DEPLOYMENT_TARGET = 11.3;
				MTL_ENABLE_DEBUG_INFO = NO;
				SDKROOT = iphoneos;
				SWIFT_COMPILATION_MODE = wholemodule;
				SWIFT_OPTIMIZATION_LEVEL = "-O";
				VALIDATE_PRODUCT = YES;
			};
			name = Release;
		};
		8A8559D2215B95A300F41161 /* Debug */ = {
			isa = XCBuildConfiguration;
			buildSettings = {
				ASSETCATALOG_COMPILER_APPICON_NAME = AppIcon;
				CODE_SIGN_STYLE = Automatic;
				DEVELOPMENT_TEAM = 33B7932APH;
				INFOPLIST_FILE = "Core-EX/Info.plist";
				LD_RUNPATH_SEARCH_PATHS = (
					"$(inherited)",
					"@executable_path/Frameworks",
				);
				PRODUCT_BUNDLE_IDENTIFIER = "com.karimAhmed.Core-EX";
				PRODUCT_NAME = "$(TARGET_NAME)";
				SWIFT_VERSION = 4.0;
				TARGETED_DEVICE_FAMILY = "1,2";
			};
			name = Debug;
		};
		8A8559D3215B95A300F41161 /* Release */ = {
			isa = XCBuildConfiguration;
			buildSettings = {
				ASSETCATALOG_COMPILER_APPICON_NAME = AppIcon;
				CODE_SIGN_STYLE = Automatic;
				DEVELOPMENT_TEAM = 33B7932APH;
				INFOPLIST_FILE = "Core-EX/Info.plist";
				LD_RUNPATH_SEARCH_PATHS = (
					"$(inherited)",
					"@executable_path/Frameworks",
				);
				PRODUCT_BUNDLE_IDENTIFIER = "com.karimAhmed.Core-EX";
				PRODUCT_NAME = "$(TARGET_NAME)";
				SWIFT_VERSION = 4.0;
				TARGETED_DEVICE_FAMILY = "1,2";
			};
			name = Release;
		};
/* End XCBuildConfiguration section */

/* Begin XCConfigurationList section */
		8A8559B7215B95A200F41161 /* Build configuration list for PBXProject "Core-EX" */ = {
			isa = XCConfigurationList;
			buildConfigurations = (
				8A8559CF215B95A300F41161 /* Debug */,
				8A8559D0215B95A300F41161 /* Release */,
			);
			defaultConfigurationIsVisible = 0;
			defaultConfigurationName = Release;
		};
		8A8559D1215B95A300F41161 /* Build configuration list for PBXNativeTarget "Core-EX" */ = {
			isa = XCConfigurationList;
			buildConfigurations = (
				8A8559D2215B95A300F41161 /* Debug */,
				8A8559D3215B95A300F41161 /* Release */,
			);
			defaultConfigurationIsVisible = 0;
			defaultConfigurationName = Release;
		};
/* End XCConfigurationList section */

/* Begin XCVersionGroup section */
		8A8559C6215B95A200F41161 /* Core_EX.xcdatamodeld */ = {
			isa = XCVersionGroup;
			children = (
				8A8559C7215B95A200F41161 /* Core_EX.xcdatamodel */,
			);
			currentVersion = 8A8559C7215B95A200F41161 /* Core_EX.xcdatamodel */;
			path = Core_EX.xcdatamodeld;
			sourceTree = "<group>";
			versionGroupType = wrapper.xcdatamodel;
		};
/* End XCVersionGroup section */
	};
	rootObject = 8A8559B4215B95A200F41161 /* Project object */;
}
